
Microsoft Visual Studio Solution File, Format Version 12.00
# Visual Studio 14
VisualStudioVersion = 14.0.23107.0
MinimumVisualStudioVersion = 10.0.40219.1
Project("{FAE04EC0-301F-11D3-BF4B-00C04F79EFBC}") = "ExchangeAndMony", "ExchangeAndMony\ExchangeAndMony.csproj", "{6F2D0791-B006-4F48-B4C0-ACACB1C017EB}"
EndProject
Project("{FAE04EC0-301F-11D3-BF4B-00C04F79EFBC}") = "BL", "BL\BL.csproj", "{DCEA364D-CD30-4544-A8B6-6BA878A42AAE}"
EndProject
Global
	GlobalSection(SolutionConfigurationPlatforms) = preSolution
		Debug|Any CPU = Debug|Any CPU
		Release|Any CPU = Release|Any CPU
	EndGlobalSection
	GlobalSection(ProjectConfigurationPlatforms) = postSolution
		{6F2D0791-B006-4F48-B4C0-ACACB1C017EB}.Debug|Any CPU.ActiveCfg = Debug|Any CPU
		{6F2D0791-B006-4F48-B4C0-ACACB1C017EB}.Debug|Any CPU.Build.0 = Debug|Any CPU
		{6F2D0791-B006-4F48-B4C0-ACACB1C017EB}.Release|Any CPU.ActiveCfg = Release|Any CPU
		{6F2D0791-B006-4F48-B4C0-ACACB1C017EB}.Release|Any CPU.Build.0 = Release|Any CPU
		{DCEA364D-CD30-4544-A8B6-6BA878A42AAE}.Debug|Any CPU.ActiveCfg = Debug|Any CPU
		{DCEA364D-CD30-4544-A8B6-6BA878A42AAE}.Debug|Any CPU.Build.0 = Debug|Any CPU
		{DCEA364D-CD30-4544-A8B6-6BA878A42AAE}.Release|Any CPU.ActiveCfg = Release|Any CPU
		{DCEA364D-CD30-4544-A8B6-6BA878A42AAE}.Release|Any CPU.Build.0 = Release|Any CPU
	EndGlobalSection
	GlobalSection(SolutionProperties) = preSolution
		HideSolutionNode = FALSE
	EndGlobalSection
EndGlobal
